
Microsoft Visual Studio Solution File, Format Version 12.00
# Visual Studio Version 17
VisualStudioVersion = 17.13.35931.197
MinimumVisualStudioVersion = 10.0.40219.1
Project("{FAE04EC0-301F-11D3-BF4B-00C04F79EFBC}") = "Location.Core.Domain", "Location.Core.Domain\Location.Core.Domain.csproj", "{F9F2D926-EC3D-4D57-9805-B0A966D8B54A}"
EndProject
Project("{FAE04EC0-301F-11D3-BF4B-00C04F79EFBC}") = "Location.Core.Domain.Tests", "Location.Core.Domain.Tests\Location.Core.Domain.Tests.csproj", "{9277AFD3-4CC4-4D52-A674-5E09F11EA4C2}"
EndProject
Project("{FAE04EC0-301F-11D3-BF4B-00C04F79EFBC}") = "Location.Core.Application", "Location.Core.Application\Location.Core.Application.csproj", "{AA1429AB-F9AC-491E-96E6-0D758CBD6922}"
EndProject
Project("{FAE04EC0-301F-11D3-BF4B-00C04F79EFBC}") = "Location.Core.Application.Tests", "Location.Core.Application.Tests\Location.Core.Application.Tests.csproj", "{9311BA9B-9093-497C-AFD4-0353872DD63F}"
EndProject
Project("{FAE04EC0-301F-11D3-BF4B-00C04F79EFBC}") = "Location.Core.Infrastructure", "Location.Core.Infrastructure\Location.Core.Infrastructure.csproj", "{5F498F08-0D90-4013-98C3-9485DBC8A3EE}"
EndProject
Project("{FAE04EC0-301F-11D3-BF4B-00C04F79EFBC}") = "Location.Core.Maui", "Location.Core.Maui\Location.Core.Maui.csproj", "{5A7517B1-C2AB-4A70-98FA-1D4C6B7BB158}"
EndProject
Project("{FAE04EC0-301F-11D3-BF4B-00C04F79EFBC}") = "Location.Core.Infrastructure.Test", "Location.Core.Infrastructure.Test\Location.Core.Infrastructure.Test.csproj", "{74579AD8-3D17-4B78-9358-4BA8CE05FB12}"
EndProject
Project("{2150E333-8FDC-42A3-9474-1A3956D46DE8}") = "Tests", "Tests", "{02EA681E-C7D8-13C7-8484-4AC65E1B71E8}"
EndProject
Project("{2150E333-8FDC-42A3-9474-1A3956D46DE8}") = "Unit", "Unit", "{72AD8D62-09EC-4C2F-BD2E-2E2C02003511}"
EndProject
Global
	GlobalSection(SolutionConfigurationPlatforms) = preSolution
		Debug|Any CPU = Debug|Any CPU
		Release|Any CPU = Release|Any CPU
	EndGlobalSection
	GlobalSection(ProjectConfigurationPlatforms) = postSolution
		{F9F2D926-EC3D-4D57-9805-B0A966D8B54A}.Debug|Any CPU.ActiveCfg = Debug|Any CPU
		{F9F2D926-EC3D-4D57-9805-B0A966D8B54A}.Debug|Any CPU.Build.0 = Debug|Any CPU
		{F9F2D926-EC3D-4D57-9805-B0A966D8B54A}.Release|Any CPU.ActiveCfg = Release|Any CPU
		{F9F2D926-EC3D-4D57-9805-B0A966D8B54A}.Release|Any CPU.Build.0 = Release|Any CPU
		{9277AFD3-4CC4-4D52-A674-5E09F11EA4C2}.Debug|Any CPU.ActiveCfg = Debug|Any CPU
		{9277AFD3-4CC4-4D52-A674-5E09F11EA4C2}.Debug|Any CPU.Build.0 = Debug|Any CPU
		{9277AFD3-4CC4-4D52-A674-5E09F11EA4C2}.Release|Any CPU.ActiveCfg = Release|Any CPU
		{9277AFD3-4CC4-4D52-A674-5E09F11EA4C2}.Release|Any CPU.Build.0 = Release|Any CPU
		{AA1429AB-F9AC-491E-96E6-0D758CBD6922}.Debug|Any CPU.ActiveCfg = Debug|Any CPU
		{AA1429AB-F9AC-491E-96E6-0D758CBD6922}.Debug|Any CPU.Build.0 = Debug|Any CPU
		{AA1429AB-F9AC-491E-96E6-0D758CBD6922}.Release|Any CPU.ActiveCfg = Release|Any CPU
		{AA1429AB-F9AC-491E-96E6-0D758CBD6922}.Release|Any CPU.Build.0 = Release|Any CPU
		{9311BA9B-9093-497C-AFD4-0353872DD63F}.Debug|Any CPU.ActiveCfg = Debug|Any CPU
		{9311BA9B-9093-497C-AFD4-0353872DD63F}.Debug|Any CPU.Build.0 = Debug|Any CPU
		{9311BA9B-9093-497C-AFD4-0353872DD63F}.Release|Any CPU.ActiveCfg = Release|Any CPU
		{9311BA9B-9093-497C-AFD4-0353872DD63F}.Release|Any CPU.Build.0 = Release|Any CPU
		{5F498F08-0D90-4013-98C3-9485DBC8A3EE}.Debug|Any CPU.ActiveCfg = Debug|Any CPU
		{5F498F08-0D90-4013-98C3-9485DBC8A3EE}.Debug|Any CPU.Build.0 = Debug|Any CPU
		{5F498F08-0D90-4013-98C3-9485DBC8A3EE}.Release|Any CPU.ActiveCfg = Release|Any CPU
		{5F498F08-0D90-4013-98C3-9485DBC8A3EE}.Release|Any CPU.Build.0 = Release|Any CPU
		{5A7517B1-C2AB-4A70-98FA-1D4C6B7BB158}.Debug|Any CPU.ActiveCfg = Debug|Any CPU
		{5A7517B1-C2AB-4A70-98FA-1D4C6B7BB158}.Debug|Any CPU.Build.0 = Debug|Any CPU
		{5A7517B1-C2AB-4A70-98FA-1D4C6B7BB158}.Release|Any CPU.ActiveCfg = Release|Any CPU
		{5A7517B1-C2AB-4A70-98FA-1D4C6B7BB158}.Release|Any CPU.Build.0 = Release|Any CPU
		{74579AD8-3D17-4B78-9358-4BA8CE05FB12}.Debug|Any CPU.ActiveCfg = Debug|Any CPU
		{74579AD8-3D17-4B78-9358-4BA8CE05FB12}.Debug|Any CPU.Build.0 = Debug|Any CPU
		{74579AD8-3D17-4B78-9358-4BA8CE05FB12}.Release|Any CPU.ActiveCfg = Release|Any CPU
		{74579AD8-3D17-4B78-9358-4BA8CE05FB12}.Release|Any CPU.Build.0 = Release|Any CPU
	EndGlobalSection
	GlobalSection(SolutionProperties) = preSolution
		HideSolutionNode = FALSE
	EndGlobalSection
	GlobalSection(NestedProjects) = preSolution
		{9277AFD3-4CC4-4D52-A674-5E09F11EA4C2} = {72AD8D62-09EC-4C2F-BD2E-2E2C02003511}
		{9311BA9B-9093-497C-AFD4-0353872DD63F} = {72AD8D62-09EC-4C2F-BD2E-2E2C02003511}
		{74579AD8-3D17-4B78-9358-4BA8CE05FB12} = {72AD8D62-09EC-4C2F-BD2E-2E2C02003511}
		{72AD8D62-09EC-4C2F-BD2E-2E2C02003511} = {02EA681E-C7D8-13C7-8484-4AC65E1B71E8}
	EndGlobalSection
	GlobalSection(ExtensibilityGlobals) = postSolution
		SolutionGuid = {52993987-EFE2-44B9-8349-0B30C4DDD694}
	EndGlobalSection
EndGlobal
