
Microsoft Visual Studio Solution File, Format Version 12.00
# Visual Studio Version 17
VisualStudioVersion = 17.13.35931.197
MinimumVisualStudioVersion = 10.0.40219.1
Project("{FAE04EC0-301F-11D3-BF4B-00C04F79EFBC}") = "Location.Core.Domain", "Location.Core.Domain\Location.Core.Domain.csproj", "{F9F2D926-EC3D-4D57-9805-B0A966D8B54A}"
EndProject
Project("{FAE04EC0-301F-11D3-BF4B-00C04F79EFBC}") = "Location.Core.Domain.Tests", "Location.Core.Domain.Tests\Location.Core.Domain.Tests.csproj", "{9277AFD3-4CC4-4D52-A674-5E09F11EA4C2}"
EndProject
Project("{FAE04EC0-301F-11D3-BF4B-00C04F79EFBC}") = "Location.Core.Application", "Location.Core.Application\Location.Core.Application.csproj", "{AA1429AB-F9AC-491E-96E6-0D758CBD6922}"
EndProject
Project("{FAE04EC0-301F-11D3-BF4B-00C04F79EFBC}") = "Location.Core.Application.Tests", "Location.Core.Application.Tests\Location.Core.Application.Tests.csproj", "{9311BA9B-9093-497C-AFD4-0353872DD63F}"
EndProject
Project("{FAE04EC0-301F-11D3-BF4B-00C04F79EFBC}") = "Location.Core.Infrastructure", "Location.Core.Infrastructure\Location.Core.Infrastructure.csproj", "{5F498F08-0D90-4013-98C3-9485DBC8A3EE}"
EndProject
Project("{FAE04EC0-301F-11D3-BF4B-00C04F79EFBC}") = "Location.Core.Maui", "Location.Core.Maui\Location.Core.Maui.csproj", "{5A7517B1-C2AB-4A70-98FA-1D4C6B7BB158}"
EndProject
Project("{FAE04EC0-301F-11D3-BF4B-00C04F79EFBC}") = "Location.Core.Infrastructure.Test", "Location.Core.Infrastructure.Test\Location.Core.Infrastructure.Test.csproj", "{74579AD8-3D17-4B78-9358-4BA8CE05FB12}"
EndProject
Project("{2150E333-8FDC-42A3-9474-1A3956D46DE8}") = "Tests", "Tests", "{02EA681E-C7D8-13C7-8484-4AC65E1B71E8}"
EndProject
Project("{2150E333-8FDC-42A3-9474-1A3956D46DE8}") = "Unit", "Unit", "{72AD8D62-09EC-4C2F-BD2E-2E2C02003511}"
EndProject
Project("{2150E333-8FDC-42A3-9474-1A3956D46DE8}") = "Solution Items", "Solution Items", "{8EC462FD-D22E-90A8-E5CE-7E832BA40C5D}"
	ProjectSection(SolutionItems) = preProject
		coverlet.runsettings = coverlet.runsettings
		Directory.Build.targets = Directory.Build.targets
	EndProjectSection
EndProject
Project("{FAE04EC0-301F-11D3-BF4B-00C04F79EFBC}") = "Location.Core.ViewModels", "Location.Core.ViewModels\Location.Core.ViewModels.csproj", "{8A1F2D83-DBF0-43C7-9F4F-10C293C10E39}"
EndProject
Project("{FAE04EC0-301F-11D3-BF4B-00C04F79EFBC}") = "Location.Core.Converters", "Location.Core.Converters\Location.Core.Converters.csproj", "{E3FD1C58-8730-4708-920B-5236B803498B}"
EndProject
Project("{2150E333-8FDC-42A3-9474-1A3956D46DE8}") = "Core", "Core", "{9C68EB00-8CEC-4699-9E47-DA0AEF35AA59}"
EndProject
Project("{2150E333-8FDC-42A3-9474-1A3956D46DE8}") = "Core", "Core", "{808B9038-5429-437B-922F-436976952622}"
EndProject
Project("{2150E333-8FDC-42A3-9474-1A3956D46DE8}") = "Photography", "Photography", "{8D38DEDB-BCFA-44F7-8C24-2496BE9FB121}"
EndProject
Project("{FAE04EC0-301F-11D3-BF4B-00C04F79EFBC}") = "Location.Photography.Infrastructure", "Location.Photography.Infrastructure\Location.Photography.Infrastructure.csproj", "{09DB0874-B414-4FB4-A5AD-1818AE316D32}"
EndProject
Project("{FAE04EC0-301F-11D3-BF4B-00C04F79EFBC}") = "Location.Photography.ViewModels", "Location.Photography.ViewModels\Location.Photography.ViewModels.csproj", "{20C404E7-4D75-45AC-AB22-4C436DC75B4B}"
EndProject
Project("{FAE04EC0-301F-11D3-BF4B-00C04F79EFBC}") = "Location.Photography.Domain", "Location.Photography.Domain\Location.Photography.Domain.csproj", "{E51D2910-7FF3-456A-A722-563E29BC136E}"
EndProject
Project("{FAE04EC0-301F-11D3-BF4B-00C04F79EFBC}") = "Location.Photography.Application", "Location.Photography.Application\Location.Photography.Application.csproj", "{6ACAE2C8-968C-48AF-A7B8-B81DC11E97FC}"
EndProject
Project("{FAE04EC0-301F-11D3-BF4B-00C04F79EFBC}") = "Location.Photography.Maui", "Location.Photography.Maui\Location.Photography.Maui.csproj", "{697F6F70-28B7-446C-87B1-BF2CD0C536B6}"
EndProject
Project("{2150E333-8FDC-42A3-9474-1A3956D46DE8}") = "Photography", "Photography", "{A6B35665-1E59-461D-8716-724E7449CE0F}"
EndProject
Project("{FAE04EC0-301F-11D3-BF4B-00C04F79EFBC}") = "Location.Photography.Infrastructure.Test", "Location.Photography.Infrastructure.Test\Location.Photography.Infrastructure.Test.csproj", "{77C13C47-EE71-43BE-A040-8A2D0E0D7C71}"
EndProject
Project("{FAE04EC0-301F-11D3-BF4B-00C04F79EFBC}") = "Location.Photography.Application.Tests", "Location.Photography.Application.Tests\Location.Photography.Application.Tests.csproj", "{BD22B1B8-62ED-4A9E-B973-CFCE5A714B48}"
EndProject
Project("{FAE04EC0-301F-11D3-BF4B-00C04F79EFBC}") = "Location.Photography.Domain.Tests", "Location.Photography.Domain.Tests\Location.Photography.Domain.Tests.csproj", "{F9E10DCB-33B8-4C67-A926-0E586FF6CCE3}"
EndProject
Project("{2150E333-8FDC-42A3-9474-1A3956D46DE8}") = "Unit", "Unit", "{F8341F9C-7C56-4088-AEDB-7191135320EA}"
EndProject
Project("{2150E333-8FDC-42A3-9474-1A3956D46DE8}") = "BDD", "BDD", "{6D047CBD-BEAB-4039-A2EF-1B5A67927927}"
EndProject
Project("{2150E333-8FDC-42A3-9474-1A3956D46DE8}") = "BDD", "BDD", "{EA8538C3-9228-4645-8689-3AB54BDFD57A}"
EndProject
Project("{FAE04EC0-301F-11D3-BF4B-00C04F79EFBC}") = "Location.Core.BDD.Tests", "Location.Core.BDD.Tests\Location.Core.BDD.Tests.csproj", "{48E59809-CAED-43C8-A692-50DC0168D1EF}"
EndProject
Project("{FAE04EC0-301F-11D3-BF4B-00C04F79EFBC}") = "Location.Photography.BDD.Tests", "Location.Photography.BDD.Tests\Location.Photography.BDD.Tests.csproj", "{DEFCEC47-C298-4EE0-AC9A-1F9B34324C85}"
EndProject
Project("{FAE04EC0-301F-11D3-BF4B-00C04F79EFBC}") = "PhotographyAdapterGenerator", "PhotographyAdapterGenerator\PhotographyAdapterGenerator.csproj", "{5588240F-A75E-43A2-A487-83D7151866DE}"
EndProject
Global
	GlobalSection(SolutionConfigurationPlatforms) = preSolution
		Debug|Any CPU = Debug|Any CPU
		Release|Any CPU = Release|Any CPU
	EndGlobalSection
	GlobalSection(ProjectConfigurationPlatforms) = postSolution
		{F9F2D926-EC3D-4D57-9805-B0A966D8B54A}.Debug|Any CPU.ActiveCfg = Debug|Any CPU
		{F9F2D926-EC3D-4D57-9805-B0A966D8B54A}.Debug|Any CPU.Build.0 = Debug|Any CPU
		{F9F2D926-EC3D-4D57-9805-B0A966D8B54A}.Release|Any CPU.ActiveCfg = Release|Any CPU
		{F9F2D926-EC3D-4D57-9805-B0A966D8B54A}.Release|Any CPU.Build.0 = Release|Any CPU
		{9277AFD3-4CC4-4D52-A674-5E09F11EA4C2}.Debug|Any CPU.ActiveCfg = Debug|Any CPU
		{9277AFD3-4CC4-4D52-A674-5E09F11EA4C2}.Debug|Any CPU.Build.0 = Debug|Any CPU
		{9277AFD3-4CC4-4D52-A674-5E09F11EA4C2}.Release|Any CPU.ActiveCfg = Release|Any CPU
		{9277AFD3-4CC4-4D52-A674-5E09F11EA4C2}.Release|Any CPU.Build.0 = Release|Any CPU
		{AA1429AB-F9AC-491E-96E6-0D758CBD6922}.Debug|Any CPU.ActiveCfg = Debug|Any CPU
		{AA1429AB-F9AC-491E-96E6-0D758CBD6922}.Debug|Any CPU.Build.0 = Debug|Any CPU
		{AA1429AB-F9AC-491E-96E6-0D758CBD6922}.Release|Any CPU.ActiveCfg = Release|Any CPU
		{AA1429AB-F9AC-491E-96E6-0D758CBD6922}.Release|Any CPU.Build.0 = Release|Any CPU
		{9311BA9B-9093-497C-AFD4-0353872DD63F}.Debug|Any CPU.ActiveCfg = Debug|Any CPU
		{9311BA9B-9093-497C-AFD4-0353872DD63F}.Debug|Any CPU.Build.0 = Debug|Any CPU
		{9311BA9B-9093-497C-AFD4-0353872DD63F}.Release|Any CPU.ActiveCfg = Release|Any CPU
		{9311BA9B-9093-497C-AFD4-0353872DD63F}.Release|Any CPU.Build.0 = Release|Any CPU
		{5F498F08-0D90-4013-98C3-9485DBC8A3EE}.Debug|Any CPU.ActiveCfg = Debug|Any CPU
		{5F498F08-0D90-4013-98C3-9485DBC8A3EE}.Debug|Any CPU.Build.0 = Debug|Any CPU
		{5F498F08-0D90-4013-98C3-9485DBC8A3EE}.Release|Any CPU.ActiveCfg = Release|Any CPU
		{5F498F08-0D90-4013-98C3-9485DBC8A3EE}.Release|Any CPU.Build.0 = Release|Any CPU
		{5A7517B1-C2AB-4A70-98FA-1D4C6B7BB158}.Debug|Any CPU.ActiveCfg = Debug|Any CPU
		{5A7517B1-C2AB-4A70-98FA-1D4C6B7BB158}.Debug|Any CPU.Build.0 = Debug|Any CPU
		{5A7517B1-C2AB-4A70-98FA-1D4C6B7BB158}.Debug|Any CPU.Deploy.0 = Debug|Any CPU
		{5A7517B1-C2AB-4A70-98FA-1D4C6B7BB158}.Release|Any CPU.ActiveCfg = Release|Any CPU
		{5A7517B1-C2AB-4A70-98FA-1D4C6B7BB158}.Release|Any CPU.Build.0 = Release|Any CPU
		{74579AD8-3D17-4B78-9358-4BA8CE05FB12}.Debug|Any CPU.ActiveCfg = Debug|Any CPU
		{74579AD8-3D17-4B78-9358-4BA8CE05FB12}.Debug|Any CPU.Build.0 = Debug|Any CPU
		{74579AD8-3D17-4B78-9358-4BA8CE05FB12}.Release|Any CPU.ActiveCfg = Release|Any CPU
		{74579AD8-3D17-4B78-9358-4BA8CE05FB12}.Release|Any CPU.Build.0 = Release|Any CPU
		{8A1F2D83-DBF0-43C7-9F4F-10C293C10E39}.Debug|Any CPU.ActiveCfg = Debug|Any CPU
		{8A1F2D83-DBF0-43C7-9F4F-10C293C10E39}.Debug|Any CPU.Build.0 = Debug|Any CPU
		{8A1F2D83-DBF0-43C7-9F4F-10C293C10E39}.Release|Any CPU.ActiveCfg = Release|Any CPU
		{8A1F2D83-DBF0-43C7-9F4F-10C293C10E39}.Release|Any CPU.Build.0 = Release|Any CPU
		{E3FD1C58-8730-4708-920B-5236B803498B}.Debug|Any CPU.ActiveCfg = Debug|Any CPU
		{E3FD1C58-8730-4708-920B-5236B803498B}.Debug|Any CPU.Build.0 = Debug|Any CPU
		{E3FD1C58-8730-4708-920B-5236B803498B}.Release|Any CPU.ActiveCfg = Release|Any CPU
		{E3FD1C58-8730-4708-920B-5236B803498B}.Release|Any CPU.Build.0 = Release|Any CPU
		{09DB0874-B414-4FB4-A5AD-1818AE316D32}.Debug|Any CPU.ActiveCfg = Debug|Any CPU
		{09DB0874-B414-4FB4-A5AD-1818AE316D32}.Debug|Any CPU.Build.0 = Debug|Any CPU
		{09DB0874-B414-4FB4-A5AD-1818AE316D32}.Release|Any CPU.ActiveCfg = Release|Any CPU
		{09DB0874-B414-4FB4-A5AD-1818AE316D32}.Release|Any CPU.Build.0 = Release|Any CPU
		{20C404E7-4D75-45AC-AB22-4C436DC75B4B}.Debug|Any CPU.ActiveCfg = Debug|Any CPU
		{20C404E7-4D75-45AC-AB22-4C436DC75B4B}.Debug|Any CPU.Build.0 = Debug|Any CPU
		{20C404E7-4D75-45AC-AB22-4C436DC75B4B}.Release|Any CPU.ActiveCfg = Release|Any CPU
		{20C404E7-4D75-45AC-AB22-4C436DC75B4B}.Release|Any CPU.Build.0 = Release|Any CPU
		{E51D2910-7FF3-456A-A722-563E29BC136E}.Debug|Any CPU.ActiveCfg = Debug|Any CPU
		{E51D2910-7FF3-456A-A722-563E29BC136E}.Debug|Any CPU.Build.0 = Debug|Any CPU
		{E51D2910-7FF3-456A-A722-563E29BC136E}.Release|Any CPU.ActiveCfg = Release|Any CPU
		{E51D2910-7FF3-456A-A722-563E29BC136E}.Release|Any CPU.Build.0 = Release|Any CPU
		{6ACAE2C8-968C-48AF-A7B8-B81DC11E97FC}.Debug|Any CPU.ActiveCfg = Debug|Any CPU
		{6ACAE2C8-968C-48AF-A7B8-B81DC11E97FC}.Debug|Any CPU.Build.0 = Debug|Any CPU
		{6ACAE2C8-968C-48AF-A7B8-B81DC11E97FC}.Release|Any CPU.ActiveCfg = Release|Any CPU
		{6ACAE2C8-968C-48AF-A7B8-B81DC11E97FC}.Release|Any CPU.Build.0 = Release|Any CPU
		{697F6F70-28B7-446C-87B1-BF2CD0C536B6}.Debug|Any CPU.ActiveCfg = Debug|Any CPU
		{697F6F70-28B7-446C-87B1-BF2CD0C536B6}.Debug|Any CPU.Build.0 = Debug|Any CPU
		{697F6F70-28B7-446C-87B1-BF2CD0C536B6}.Debug|Any CPU.Deploy.0 = Debug|Any CPU
		{697F6F70-28B7-446C-87B1-BF2CD0C536B6}.Release|Any CPU.ActiveCfg = Release|Any CPU
		{697F6F70-28B7-446C-87B1-BF2CD0C536B6}.Release|Any CPU.Build.0 = Release|Any CPU
		{77C13C47-EE71-43BE-A040-8A2D0E0D7C71}.Debug|Any CPU.ActiveCfg = Debug|Any CPU
		{77C13C47-EE71-43BE-A040-8A2D0E0D7C71}.Debug|Any CPU.Build.0 = Debug|Any CPU
		{77C13C47-EE71-43BE-A040-8A2D0E0D7C71}.Release|Any CPU.ActiveCfg = Release|Any CPU
		{77C13C47-EE71-43BE-A040-8A2D0E0D7C71}.Release|Any CPU.Build.0 = Release|Any CPU
		{BD22B1B8-62ED-4A9E-B973-CFCE5A714B48}.Debug|Any CPU.ActiveCfg = Debug|Any CPU
		{BD22B1B8-62ED-4A9E-B973-CFCE5A714B48}.Debug|Any CPU.Build.0 = Debug|Any CPU
		{BD22B1B8-62ED-4A9E-B973-CFCE5A714B48}.Release|Any CPU.ActiveCfg = Release|Any CPU
		{BD22B1B8-62ED-4A9E-B973-CFCE5A714B48}.Release|Any CPU.Build.0 = Release|Any CPU
		{F9E10DCB-33B8-4C67-A926-0E586FF6CCE3}.Debug|Any CPU.ActiveCfg = Debug|Any CPU
		{F9E10DCB-33B8-4C67-A926-0E586FF6CCE3}.Debug|Any CPU.Build.0 = Debug|Any CPU
		{F9E10DCB-33B8-4C67-A926-0E586FF6CCE3}.Release|Any CPU.ActiveCfg = Release|Any CPU
		{F9E10DCB-33B8-4C67-A926-0E586FF6CCE3}.Release|Any CPU.Build.0 = Release|Any CPU
		{48E59809-CAED-43C8-A692-50DC0168D1EF}.Debug|Any CPU.ActiveCfg = Debug|Any CPU
		{48E59809-CAED-43C8-A692-50DC0168D1EF}.Debug|Any CPU.Build.0 = Debug|Any CPU
		{48E59809-CAED-43C8-A692-50DC0168D1EF}.Release|Any CPU.ActiveCfg = Release|Any CPU
		{48E59809-CAED-43C8-A692-50DC0168D1EF}.Release|Any CPU.Build.0 = Release|Any CPU
		{DEFCEC47-C298-4EE0-AC9A-1F9B34324C85}.Debug|Any CPU.ActiveCfg = Debug|Any CPU
		{DEFCEC47-C298-4EE0-AC9A-1F9B34324C85}.Debug|Any CPU.Build.0 = Debug|Any CPU
		{DEFCEC47-C298-4EE0-AC9A-1F9B34324C85}.Release|Any CPU.ActiveCfg = Release|Any CPU
		{DEFCEC47-C298-4EE0-AC9A-1F9B34324C85}.Release|Any CPU.Build.0 = Release|Any CPU
		{5588240F-A75E-43A2-A487-83D7151866DE}.Debug|Any CPU.ActiveCfg = Debug|Any CPU
		{5588240F-A75E-43A2-A487-83D7151866DE}.Debug|Any CPU.Build.0 = Debug|Any CPU
		{5588240F-A75E-43A2-A487-83D7151866DE}.Release|Any CPU.ActiveCfg = Release|Any CPU
		{5588240F-A75E-43A2-A487-83D7151866DE}.Release|Any CPU.Build.0 = Release|Any CPU
	EndGlobalSection
	GlobalSection(SolutionProperties) = preSolution
		HideSolutionNode = FALSE
	EndGlobalSection
	GlobalSection(NestedProjects) = preSolution
		{F9F2D926-EC3D-4D57-9805-B0A966D8B54A} = {9C68EB00-8CEC-4699-9E47-DA0AEF35AA59}
		{9277AFD3-4CC4-4D52-A674-5E09F11EA4C2} = {72AD8D62-09EC-4C2F-BD2E-2E2C02003511}
		{AA1429AB-F9AC-491E-96E6-0D758CBD6922} = {9C68EB00-8CEC-4699-9E47-DA0AEF35AA59}
		{9311BA9B-9093-497C-AFD4-0353872DD63F} = {72AD8D62-09EC-4C2F-BD2E-2E2C02003511}
		{5F498F08-0D90-4013-98C3-9485DBC8A3EE} = {9C68EB00-8CEC-4699-9E47-DA0AEF35AA59}
		{5A7517B1-C2AB-4A70-98FA-1D4C6B7BB158} = {9C68EB00-8CEC-4699-9E47-DA0AEF35AA59}
		{74579AD8-3D17-4B78-9358-4BA8CE05FB12} = {72AD8D62-09EC-4C2F-BD2E-2E2C02003511}
		{72AD8D62-09EC-4C2F-BD2E-2E2C02003511} = {808B9038-5429-437B-922F-436976952622}
		{8A1F2D83-DBF0-43C7-9F4F-10C293C10E39} = {9C68EB00-8CEC-4699-9E47-DA0AEF35AA59}
		{E3FD1C58-8730-4708-920B-5236B803498B} = {9C68EB00-8CEC-4699-9E47-DA0AEF35AA59}
		{808B9038-5429-437B-922F-436976952622} = {02EA681E-C7D8-13C7-8484-4AC65E1B71E8}
		{09DB0874-B414-4FB4-A5AD-1818AE316D32} = {8D38DEDB-BCFA-44F7-8C24-2496BE9FB121}
		{20C404E7-4D75-45AC-AB22-4C436DC75B4B} = {8D38DEDB-BCFA-44F7-8C24-2496BE9FB121}
		{E51D2910-7FF3-456A-A722-563E29BC136E} = {8D38DEDB-BCFA-44F7-8C24-2496BE9FB121}
		{6ACAE2C8-968C-48AF-A7B8-B81DC11E97FC} = {8D38DEDB-BCFA-44F7-8C24-2496BE9FB121}
		{697F6F70-28B7-446C-87B1-BF2CD0C536B6} = {8D38DEDB-BCFA-44F7-8C24-2496BE9FB121}
		{A6B35665-1E59-461D-8716-724E7449CE0F} = {02EA681E-C7D8-13C7-8484-4AC65E1B71E8}
		{77C13C47-EE71-43BE-A040-8A2D0E0D7C71} = {F8341F9C-7C56-4088-AEDB-7191135320EA}
		{BD22B1B8-62ED-4A9E-B973-CFCE5A714B48} = {F8341F9C-7C56-4088-AEDB-7191135320EA}
		{F9E10DCB-33B8-4C67-A926-0E586FF6CCE3} = {F8341F9C-7C56-4088-AEDB-7191135320EA}
		{F8341F9C-7C56-4088-AEDB-7191135320EA} = {A6B35665-1E59-461D-8716-724E7449CE0F}
		{6D047CBD-BEAB-4039-A2EF-1B5A67927927} = {808B9038-5429-437B-922F-436976952622}
		{EA8538C3-9228-4645-8689-3AB54BDFD57A} = {A6B35665-1E59-461D-8716-724E7449CE0F}
		{48E59809-CAED-43C8-A692-50DC0168D1EF} = {6D047CBD-BEAB-4039-A2EF-1B5A67927927}
		{DEFCEC47-C298-4EE0-AC9A-1F9B34324C85} = {EA8538C3-9228-4645-8689-3AB54BDFD57A}
		{5588240F-A75E-43A2-A487-83D7151866DE} = {8D38DEDB-BCFA-44F7-8C24-2496BE9FB121}
	EndGlobalSection
	GlobalSection(ExtensibilityGlobals) = postSolution
		SolutionGuid = {52993987-EFE2-44B9-8349-0B30C4DDD694}
	EndGlobalSection
EndGlobal
